{
  "name": "mallard-manager",
  "version": "0.0.0",
  "lockfileVersion": 1,
  "requires": true,
  "dependencies": {
    "@angular/cdk": {
      "version": "5.0.3",
      "resolved": "https://registry.npmjs.org/@angular/cdk/-/cdk-5.0.3.tgz",
      "integrity": "sha1-1PrPGVjr7mrqePLadQcYTNhYBZY=",
      "dev": true,
      "requires": {
        "tslib": "1.8.1"
      }
    },
    "@angular/material": {
      "version": "5.0.3",
      "resolved": "https://registry.npmjs.org/@angular/material/-/material-5.0.3.tgz",
      "integrity": "sha1-A0VVE0aXPgYHaAKISJxfkSniC6I=",
      "dev": true,
      "requires": {
        "tslib": "1.8.1"
      }
    },
    "tslib": {
      "version": "1.8.1",
      "resolved": "https://registry.npmjs.org/tslib/-/tslib-1.8.1.tgz",
      "integrity": "sha1-aUavLR1lGnsYY7Ux1uWvpBqkTqw=",
      "dev": true
    }
  }
}
